// !$*UTF8*$!
{
	archiveVersion = 1;
	classes = {
	};
	objectVersion = 50;
	objects = {

/* Begin PBXBuildFile section */
		ED2BAE17246C1D7200A49F93 /* AppDelegate.swift in Sources */ = {isa = PBXBuildFile; fileRef = ED2BAE16246C1D7200A49F93 /* AppDelegate.swift */; };
		ED2BAE19246C1D7200A49F93 /* SceneDelegate.swift in Sources */ = {isa = PBXBuildFile; fileRef = ED2BAE18246C1D7200A49F93 /* SceneDelegate.swift */; };
		ED2BAE1B246C1D7200A49F93 /* ViewController.swift in Sources */ = {isa = PBXBuildFile; fileRef = ED2BAE1A246C1D7200A49F93 /* ViewController.swift */; };
		ED2BAE1E246C1D7200A49F93 /* Main.storyboard in Resources */ = {isa = PBXBuildFile; fileRef = ED2BAE1C246C1D7200A49F93 /* Main.storyboard */; };
		ED2BAE20246C1D7500A49F93 /* Assets.xcassets in Resources */ = {isa = PBXBuildFile; fileRef = ED2BAE1F246C1D7500A49F93 /* Assets.xcassets */; };
		ED2BAE23246C1D7500A49F93 /* LaunchScreen.storyboard in Resources */ = {isa = PBXBuildFile; fileRef = ED2BAE21246C1D7500A49F93 /* LaunchScreen.storyboard */; };
		ED2BAE2E246C1D7500A49F93 /* PracticeTests.swift in Sources */ = {isa = PBXBuildFile; fileRef = ED2BAE2D246C1D7500A49F93 /* PracticeTests.swift */; };
		ED2BAE39246C1D7500A49F93 /* PracticeUITests.swift in Sources */ = {isa = PBXBuildFile; fileRef = ED2BAE38246C1D7500A49F93 /* PracticeUITests.swift */; };
/* End PBXBuildFile section */

/* Begin PBXContainerItemProxy section */
		ED2BAE2A246C1D7500A49F93 /* PBXContainerItemProxy */ = {
			isa = PBXContainerItemProxy;
			containerPortal = ED2BAE0B246C1D7200A49F93 /* Project object */;
			proxyType = 1;
			remoteGlobalIDString = ED2BAE12246C1D7200A49F93;
			remoteInfo = Practice;
		};
		ED2BAE35246C1D7500A49F93 /* PBXContainerItemProxy */ = {
			isa = PBXContainerItemProxy;
			containerPortal = ED2BAE0B246C1D7200A49F93 /* Project object */;
			proxyType = 1;
			remoteGlobalIDString = ED2BAE12246C1D7200A49F93;
			remoteInfo = Practice;
		};
/* End PBXContainerItemProxy section */

/* Begin PBXFileReference section */
		ED2BAE13246C1D7200A49F93 /* Practice.app */ = {isa = PBXFileReference; explicitFileType = wrapper.application; includeInIndex = 0; path = Practice.app; sourceTree = BUILT_PRODUCTS_DIR; };
		ED2BAE16246C1D7200A49F93 /* AppDelegate.swift */ = {isa = PBXFileReference; lastKnownFileType = sourcecode.swift; path = AppDelegate.swift; sourceTree = "<group>"; };
		ED2BAE18246C1D7200A49F93 /* SceneDelegate.swift */ = {isa = PBXFileReference; lastKnownFileType = sourcecode.swift; path = SceneDelegate.swift; sourceTree = "<group>"; };
		ED2BAE1A246C1D7200A49F93 /* ViewController.swift */ = {isa = PBXFileReference; lastKnownFileType = sourcecode.swift; path = ViewController.swift; sourceTree = "<group>"; };
		ED2BAE1D246C1D7200A49F93 /* Base */ = {isa = PBXFileReference; lastKnownFileType = file.storyboard; name = Base; path = Base.lproj/Main.storyboard; sourceTree = "<group>"; };
		ED2BAE1F246C1D7500A49F93 /* Assets.xcassets */ = {isa = PBXFileReference; lastKnownFileType = folder.assetcatalog; path = Assets.xcassets; sourceTree = "<group>"; };
		ED2BAE22246C1D7500A49F93 /* Base */ = {isa = PBXFileReference; lastKnownFileType = file.storyboard; name = Base; path = Base.lproj/LaunchScreen.storyboard; sourceTree = "<group>"; };
		ED2BAE24246C1D7500A49F93 /* Info.plist */ = {isa = PBXFileReference; lastKnownFileType = text.plist.xml; path = Info.plist; sourceTree = "<group>"; };
		ED2BAE29246C1D7500A49F93 /* PracticeTests.xctest */ = {isa = PBXFileReference; explicitFileType = wrapper.cfbundle; includeInIndex = 0; path = PracticeTests.xctest; sourceTree = BUILT_PRODUCTS_DIR; };
		ED2BAE2D246C1D7500A49F93 /* PracticeTests.swift */ = {isa = PBXFileReference; lastKnownFileType = sourcecode.swift; path = PracticeTests.swift; sourceTree = "<group>"; };
		ED2BAE2F246C1D7500A49F93 /* Info.plist */ = {isa = PBXFileReference; lastKnownFileType = text.plist.xml; path = Info.plist; sourceTree = "<group>"; };
		ED2BAE34246C1D7500A49F93 /* PracticeUITests.xctest */ = {isa = PBXFileReference; explicitFileType = wrapper.cfbundle; includeInIndex = 0; path = PracticeUITests.xctest; sourceTree = BUILT_PRODUCTS_DIR; };
		ED2BAE38246C1D7500A49F93 /* PracticeUITests.swift */ = {isa = PBXFileReference; lastKnownFileType = sourcecode.swift; path = PracticeUITests.swift; sourceTree = "<group>"; };
		ED2BAE3A246C1D7500A49F93 /* Info.plist */ = {isa = PBXFileReference; lastKnownFileType = text.plist.xml; path = Info.plist; sourceTree = "<group>"; };
/* End PBXFileReference section */

/* Begin PBXFrameworksBuildPhase section */
		ED2BAE10246C1D7200A49F93 /* Frameworks */ = {
			isa = PBXFrameworksBuildPhase;
			buildActionMask = 2147483647;
			files = (
			);
			runOnlyForDeploymentPostprocessing = 0;
		};
		ED2BAE26246C1D7500A49F93 /* Frameworks */ = {
			isa = PBXFrameworksBuildPhase;
			buildActionMask = 2147483647;
			files = (
			);
			runOnlyForDeploymentPostprocessing = 0;
		};
		ED2BAE31246C1D7500A49F93 /* Frameworks */ = {
			isa = PBXFrameworksBuildPhase;
			buildActionMask = 2147483647;
			files = (
			);
			runOnlyForDeploymentPostprocessing = 0;
		};
/* End PBXFrameworksBuildPhase section */

/* Begin PBXGroup section */
		ED2BAE0A246C1D7200A49F93 = {
			isa = PBXGroup;
			children = (
				ED2BAE15246C1D7200A49F93 /* Practice */,
				ED2BAE2C246C1D7500A49F93 /* PracticeTests */,
				ED2BAE37246C1D7500A49F93 /* PracticeUITests */,
				ED2BAE14246C1D7200A49F93 /* Products */,
			);
			sourceTree = "<group>";
		};
		ED2BAE14246C1D7200A49F93 /* Products */ = {
			isa = PBXGroup;
			children = (
				ED2BAE13246C1D7200A49F93 /* Practice.app */,
				ED2BAE29246C1D7500A49F93 /* PracticeTests.xctest */,
				ED2BAE34246C1D7500A49F93 /* PracticeUITests.xctest */,
			);
			name = Products;
			sourceTree = "<group>";
		};
		ED2BAE15246C1D7200A49F93 /* Practice */ = {
			isa = PBXGroup;
			children = (
				ED2BAE16246C1D7200A49F93 /* AppDelegate.swift */,
				ED2BAE18246C1D7200A49F93 /* SceneDelegate.swift */,
				ED2BAE1A246C1D7200A49F93 /* ViewController.swift */,
				ED2BAE1C246C1D7200A49F93 /* Main.storyboard */,
				ED2BAE1F246C1D7500A49F93 /* Assets.xcassets */,
				ED2BAE21246C1D7500A49F93 /* LaunchScreen.storyboard */,
				ED2BAE24246C1D7500A49F93 /* Info.plist */,
			);
			path = Practice;
			sourceTree = "<group>";
		};
		ED2BAE2C246C1D7500A49F93 /* PracticeTests */ = {
			isa = PBXGroup;
			children = (
				ED2BAE2D246C1D7500A49F93 /* PracticeTests.swift */,
				ED2BAE2F246C1D7500A49F93 /* Info.plist */,
			);
			path = PracticeTests;
			sourceTree = "<group>";
		};
		ED2BAE37246C1D7500A49F93 /* PracticeUITests */ = {
			isa = PBXGroup;
			children = (
				ED2BAE38246C1D7500A49F93 /* PracticeUITests.swift */,
				ED2BAE3A246C1D7500A49F93 /* Info.plist */,
			);
			path = PracticeUITests;
			sourceTree = "<group>";
		};
/* End PBXGroup section */

/* Begin PBXNativeTarget section */
		ED2BAE12246C1D7200A49F93 /* Practice */ = {
			isa = PBXNativeTarget;
			buildConfigurationList = ED2BAE3D246C1D7500A49F93 /* Build configuration list for PBXNativeTarget "Practice" */;
			buildPhases = (
				ED2BAE0F246C1D7200A49F93 /* Sources */,
				ED2BAE10246C1D7200A49F93 /* Frameworks */,
				ED2BAE11246C1D7200A49F93 /* Resources */,
			);
			buildRules = (
			);
			dependencies = (
			);
			name = Practice;
			productName = Practice;
			productReference = ED2BAE13246C1D7200A49F93 /* Practice.app */;
			productType = "com.apple.product-type.application";
		};
		ED2BAE28246C1D7500A49F93 /* PracticeTests */ = {
			isa = PBXNativeTarget;
			buildConfigurationList = ED2BAE40246C1D7500A49F93 /* Build configuration list for PBXNativeTarget "PracticeTests" */;
			buildPhases = (
				ED2BAE25246C1D7500A49F93 /* Sources */,
				ED2BAE26246C1D7500A49F93 /* Frameworks */,
				ED2BAE27246C1D7500A49F93 /* Resources */,
			);
			buildRules = (
			);
			dependencies = (
				ED2BAE2B246C1D7500A49F93 /* PBXTargetDependency */,
			);
			name = PracticeTests;
			productName = PracticeTests;
			productReference = ED2BAE29246C1D7500A49F93 /* PracticeTests.xctest */;
			productType = "com.apple.product-type.bundle.unit-test";
		};
		ED2BAE33246C1D7500A49F93 /* PracticeUITests */ = {
			isa = PBXNativeTarget;
			buildConfigurationList = ED2BAE43246C1D7500A49F93 /* Build configuration list for PBXNativeTarget "PracticeUITests" */;
			buildPhases = (
				ED2BAE30246C1D7500A49F93 /* Sources */,
				ED2BAE31246C1D7500A49F93 /* Frameworks */,
				ED2BAE32246C1D7500A49F93 /* Resources */,
			);
			buildRules = (
			);
			dependencies = (
				ED2BAE36246C1D7500A49F93 /* PBXTargetDependency */,
			);
			name = PracticeUITests;
			productName = PracticeUITests;
			productReference = ED2BAE34246C1D7500A49F93 /* PracticeUITests.xctest */;
			productType = "com.apple.product-type.bundle.ui-testing";
		};
/* End PBXNativeTarget section */

/* Begin PBXProject section */
		ED2BAE0B246C1D7200A49F93 /* Project object */ = {
			isa = PBXProject;
			attributes = {
				LastSwiftUpdateCheck = 1140;
				LastUpgradeCheck = 1140;
				ORGANIZATIONNAME = "Fujita Fujimon";
				TargetAttributes = {
					ED2BAE12246C1D7200A49F93 = {
						CreatedOnToolsVersion = 11.4.1;
					};
					ED2BAE28246C1D7500A49F93 = {
						CreatedOnToolsVersion = 11.4.1;
						TestTargetID = ED2BAE12246C1D7200A49F93;
					};
					ED2BAE33246C1D7500A49F93 = {
						CreatedOnToolsVersion = 11.4.1;
						TestTargetID = ED2BAE12246C1D7200A49F93;
					};
				};
			};
			buildConfigurationList = ED2BAE0E246C1D7200A49F93 /* Build configuration list for PBXProject "Practice" */;
			compatibilityVersion = "Xcode 9.3";
			developmentRegion = en;
			hasScannedForEncodings = 0;
			knownRegions = (
				en,
				Base,
			);
			mainGroup = ED2BAE0A246C1D7200A49F93;
			productRefGroup = ED2BAE14246C1D7200A49F93 /* Products */;
			projectDirPath = "";
			projectRoot = "";
			targets = (
				ED2BAE12246C1D7200A49F93 /* Practice */,
				ED2BAE28246C1D7500A49F93 /* PracticeTests */,
				ED2BAE33246C1D7500A49F93 /* PracticeUITests */,
			);
		};
/* End PBXProject section */

/* Begin PBXResourcesBuildPhase section */
		ED2BAE11246C1D7200A49F93 /* Resources */ = {
			isa = PBXResourcesBuildPhase;
			buildActionMask = 2147483647;
			files = (
				ED2BAE23246C1D7500A49F93 /* LaunchScreen.storyboard in Resources */,
				ED2BAE20246C1D7500A49F93 /* Assets.xcassets in Resources */,
				ED2BAE1E246C1D7200A49F93 /* Main.storyboard in Resources */,
			);
			runOnlyForDeploymentPostprocessing = 0;
		};
		ED2BAE27246C1D7500A49F93 /* Resources */ = {
			isa = PBXResourcesBuildPhase;
			buildActionMask = 2147483647;
			files = (
			);
			runOnlyForDeploymentPostprocessing = 0;
		};
		ED2BAE32246C1D7500A49F93 /* Resources */ = {
			isa = PBXResourcesBuildPhase;
			buildActionMask = 2147483647;
			files = (
			);
			runOnlyForDeploymentPostprocessing = 0;
		};
/* End PBXResourcesBuildPhase section */

/* Begin PBXSourcesBuildPhase section */
		ED2BAE0F246C1D7200A49F93 /* Sources */ = {
			isa = PBXSourcesBuildPhase;
			buildActionMask = 2147483647;
			files = (
				ED2BAE1B246C1D7200A49F93 /* ViewController.swift in Sources */,
				ED2BAE17246C1D7200A49F93 /* AppDelegate.swift in Sources */,
				ED2BAE19246C1D7200A49F93 /* SceneDelegate.swift in Sources */,
			);
			runOnlyForDeploymentPostprocessing = 0;
		};
		ED2BAE25246C1D7500A49F93 /* Sources */ = {
			isa = PBXSourcesBuildPhase;
			buildActionMask = 2147483647;
			files = (
				ED2BAE2E246C1D7500A49F93 /* PracticeTests.swift in Sources */,
			);
			runOnlyForDeploymentPostprocessing = 0;
		};
		ED2BAE30246C1D7500A49F93 /* Sources */ = {
			isa = PBXSourcesBuildPhase;
			buildActionMask = 2147483647;
			files = (
				ED2BAE39246C1D7500A49F93 /* PracticeUITests.swift in Sources */,
			);
			runOnlyForDeploymentPostprocessing = 0;
		};
/* End PBXSourcesBuildPhase section */

/* Begin PBXTargetDependency section */
		ED2BAE2B246C1D7500A49F93 /* PBXTargetDependency */ = {
			isa = PBXTargetDependency;
			target = ED2BAE12246C1D7200A49F93 /* Practice */;
			targetProxy = ED2BAE2A246C1D7500A49F93 /* PBXContainerItemProxy */;
		};
		ED2BAE36246C1D7500A49F93 /* PBXTargetDependency */ = {
			isa = PBXTargetDependency;
			target = ED2BAE12246C1D7200A49F93 /* Practice */;
			targetProxy = ED2BAE35246C1D7500A49F93 /* PBXContainerItemProxy */;
		};
/* End PBXTargetDependency section */

/* Begin PBXVariantGroup section */
		ED2BAE1C246C1D7200A49F93 /* Main.storyboard */ = {
			isa = PBXVariantGroup;
			children = (
				ED2BAE1D246C1D7200A49F93 /* Base */,
			);
			name = Main.storyboard;
			sourceTree = "<group>";
		};
		ED2BAE21246C1D7500A49F93 /* LaunchScreen.storyboard */ = {
			isa = PBXVariantGroup;
			children = (
				ED2BAE22246C1D7500A49F93 /* Base */,
			);
			name = LaunchScreen.storyboard;
			sourceTree = "<group>";
		};
/* End PBXVariantGroup section */

/* Begin XCBuildConfiguration section */
		ED2BAE3B246C1D7500A49F93 /* Debug */ = {
			isa = XCBuildConfiguration;
			buildSettings = {
				ALWAYS_SEARCH_USER_PATHS = NO;
				CLANG_ANALYZER_NONNULL = YES;
				CLANG_ANALYZER_NUMBER_OBJECT_CONVERSION = YES_AGGRESSIVE;
				CLANG_CXX_LANGUAGE_STANDARD = "gnu++14";
				CLANG_CXX_LIBRARY = "libc++";
				CLANG_ENABLE_MODULES = YES;
				CLANG_ENABLE_OBJC_ARC = YES;
				CLANG_ENABLE_OBJC_WEAK = YES;
				CLANG_WARN_BLOCK_CAPTURE_AUTORELEASING = YES;
				CLANG_WARN_BOOL_CONVERSION = YES;
				CLANG_WARN_COMMA = YES;
				CLANG_WARN_CONSTANT_CONVERSION = YES;
				CLANG_WARN_DEPRECATED_OBJC_IMPLEMENTATIONS = YES;
				CLANG_WARN_DIRECT_OBJC_ISA_USAGE = YES_ERROR;
				CLANG_WARN_DOCUMENTATION_COMMENTS = YES;
				CLANG_WARN_EMPTY_BODY = YES;
				CLANG_WARN_ENUM_CONVERSION = YES;
				CLANG_WARN_INFINITE_RECURSION = YES;
				CLANG_WARN_INT_CONVERSION = YES;
				CLANG_WARN_NON_LITERAL_NULL_CONVERSION = YES;
				CLANG_WARN_OBJC_IMPLICIT_RETAIN_SELF = YES;
				CLANG_WARN_OBJC_LITERAL_CONVERSION = YES;
				CLANG_WARN_OBJC_ROOT_CLASS = YES_ERROR;
				CLANG_WARN_RANGE_LOOP_ANALYSIS = YES;
				CLANG_WARN_STRICT_PROTOTYPES = YES;
				CLANG_WARN_SUSPICIOUS_MOVE = YES;
				CLANG_WARN_UNGUARDED_AVAILABILITY = YES_AGGRESSIVE;
				CLANG_WARN_UNREACHABLE_CODE = YES;
				CLANG_WARN__DUPLICATE_METHOD_MATCH = YES;
				COPY_PHASE_STRIP = NO;
				DEBUG_INFORMATION_FORMAT = dwarf;
				ENABLE_STRICT_OBJC_MSGSEND = YES;
				ENABLE_TESTABILITY = YES;
				GCC_C_LANGUAGE_STANDARD = gnu11;
				GCC_DYNAMIC_NO_PIC = NO;
				GCC_NO_COMMON_BLOCKS = YES;
				GCC_OPTIMIZATION_LEVEL = 0;
				GCC_PREPROCESSOR_DEFINITIONS = (
					"DEBUG=1",
					"$(inherited)",
				);
				GCC_WARN_64_TO_32_BIT_CONVERSION = YES;
				GCC_WARN_ABOUT_RETURN_TYPE = YES_ERROR;
				GCC_WARN_UNDECLARED_SELECTOR = YES;
				GCC_WARN_UNINITIALIZED_AUTOS = YES_AGGRESSIVE;
				GCC_WARN_UNUSED_FUNCTION = YES;
				GCC_WARN_UNUSED_VARIABLE = YES;
				IPHONEOS_DEPLOYMENT_TARGET = 13.4;
				MTL_ENABLE_DEBUG_INFO = INCLUDE_SOURCE;
				MTL_FAST_MATH = YES;
				ONLY_ACTIVE_ARCH = YES;
				SDKROOT = iphoneos;
				SWIFT_ACTIVE_COMPILATION_CONDITIONS = DEBUG;
				SWIFT_OPTIMIZATION_LEVEL = "-Onone";
			};
			name = Debug;
		};
		ED2BAE3C246C1D7500A49F93 /* Release */ = {
			isa = XCBuildConfiguration;
			buildSettings = {
				ALWAYS_SEARCH_USER_PATHS = NO;
				CLANG_ANALYZER_NONNULL = YES;
				CLANG_ANALYZER_NUMBER_OBJECT_CONVERSION = YES_AGGRESSIVE;
				CLANG_CXX_LANGUAGE_STANDARD = "gnu++14";
				CLANG_CXX_LIBRARY = "libc++";
				CLANG_ENABLE_MODULES = YES;
				CLANG_ENABLE_OBJC_ARC = YES;
				CLANG_ENABLE_OBJC_WEAK = YES;
				CLANG_WARN_BLOCK_CAPTURE_AUTORELEASING = YES;
				CLANG_WARN_BOOL_CONVERSION = YES;
				CLANG_WARN_COMMA = YES;
				CLANG_WARN_CONSTANT_CONVERSION = YES;
				CLANG_WARN_DEPRECATED_OBJC_IMPLEMENTATIONS = YES;
				CLANG_WARN_DIRECT_OBJC_ISA_USAGE = YES_ERROR;
				CLANG_WARN_DOCUMENTATION_COMMENTS = YES;
				CLANG_WARN_EMPTY_BODY = YES;
				CLANG_WARN_ENUM_CONVERSION = YES;
				CLANG_WARN_INFINITE_RECURSION = YES;
				CLANG_WARN_INT_CONVERSION = YES;
				CLANG_WARN_NON_LITERAL_NULL_CONVERSION = YES;
				CLANG_WARN_OBJC_IMPLICIT_RETAIN_SELF = YES;
				CLANG_WARN_OBJC_LITERAL_CONVERSION = YES;
				CLANG_WARN_OBJC_ROOT_CLASS = YES_ERROR;
				CLANG_WARN_RANGE_LOOP_ANALYSIS = YES;
				CLANG_WARN_STRICT_PROTOTYPES = YES;
				CLANG_WARN_SUSPICIOUS_MOVE = YES;
				CLANG_WARN_UNGUARDED_AVAILABILITY = YES_AGGRESSIVE;
				CLANG_WARN_UNREACHABLE_CODE = YES;
				CLANG_WARN__DUPLICATE_METHOD_MATCH = YES;
				COPY_PHASE_STRIP = NO;
				DEBUG_INFORMATION_FORMAT = "dwarf-with-dsym";
				ENABLE_NS_ASSERTIONS = NO;
				ENABLE_STRICT_OBJC_MSGSEND = YES;
				GCC_C_LANGUAGE_STANDARD = gnu11;
				GCC_NO_COMMON_BLOCKS = YES;
				GCC_WARN_64_TO_32_BIT_CONVERSION = YES;
				GCC_WARN_ABOUT_RETURN_TYPE = YES_ERROR;
				GCC_WARN_UNDECLARED_SELECTOR = YES;
				GCC_WARN_UNINITIALIZED_AUTOS = YES_AGGRESSIVE;
				GCC_WARN_UNUSED_FUNCTION = YES;
				GCC_WARN_UNUSED_VARIABLE = YES;
				IPHONEOS_DEPLOYMENT_TARGET = 13.4;
				MTL_ENABLE_DEBUG_INFO = NO;
				MTL_FAST_MATH = YES;
				SDKROOT = iphoneos;
				SWIFT_COMPILATION_MODE = wholemodule;
				SWIFT_OPTIMIZATION_LEVEL = "-O";
				VALIDATE_PRODUCT = YES;
			};
			name = Release;
		};
		ED2BAE3E246C1D7500A49F93 /* Debug */ = {
			isa = XCBuildConfiguration;
			buildSettings = {
				ASSETCATALOG_COMPILER_APPICON_NAME = AppIcon;
				CODE_SIGN_STYLE = Automatic;
				INFOPLIST_FILE = Practice/Info.plist;
				LD_RUNPATH_SEARCH_PATHS = (
					"$(inherited)",
					"@executable_path/Frameworks",
				);
				PRODUCT_BUNDLE_IDENTIFIER = "Yoshiki-Fujita.Practice";
				PRODUCT_NAME = "$(TARGET_NAME)";
				SWIFT_VERSION = 5.0;
				TARGETED_DEVICE_FAMILY = "1,2";
			};
			name = Debug;
		};
		ED2BAE3F246C1D7500A49F93 /* Release */ = {
			isa = XCBuildConfiguration;
			buildSettings = {
				ASSETCATALOG_COMPILER_APPICON_NAME = AppIcon;
				CODE_SIGN_STYLE = Automatic;
				INFOPLIST_FILE = Practice/Info.plist;
				LD_RUNPATH_SEARCH_PATHS = (
					"$(inherited)",
					"@executable_path/Frameworks",
				);
				PRODUCT_BUNDLE_IDENTIFIER = "Yoshiki-Fujita.Practice";
				PRODUCT_NAME = "$(TARGET_NAME)";
				SWIFT_VERSION = 5.0;
				TARGETED_DEVICE_FAMILY = "1,2";
			};
			name = Release;
		};
		ED2BAE41246C1D7500A49F93 /* Debug */ = {
			isa = XCBuildConfiguration;
			buildSettings = {
				ALWAYS_EMBED_SWIFT_STANDARD_LIBRARIES = YES;
				BUNDLE_LOADER = "$(TEST_HOST)";
				CODE_SIGN_STYLE = Automatic;
				INFOPLIST_FILE = PracticeTests/Info.plist;
				IPHONEOS_DEPLOYMENT_TARGET = 13.4;
				LD_RUNPATH_SEARCH_PATHS = (
					"$(inherited)",
					"@executable_path/Frameworks",
					"@loader_path/Frameworks",
				);
				PRODUCT_BUNDLE_IDENTIFIER = "Yoshiki-Fujita.PracticeTests";
				PRODUCT_NAME = "$(TARGET_NAME)";
				SWIFT_VERSION = 5.0;
				TARGETED_DEVICE_FAMILY = "1,2";
				TEST_HOST = "$(BUILT_PRODUCTS_DIR)/Practice.app/Practice";
			};
			name = Debug;
		};
		ED2BAE42246C1D7500A49F93 /* Release */ = {
			isa = XCBuildConfiguration;
			buildSettings = {
				ALWAYS_EMBED_SWIFT_STANDARD_LIBRARIES = YES;
				BUNDLE_LOADER = "$(TEST_HOST)";
				CODE_SIGN_STYLE = Automatic;
				INFOPLIST_FILE = PracticeTests/Info.plist;
				IPHONEOS_DEPLOYMENT_TARGET = 13.4;
				LD_RUNPATH_SEARCH_PATHS = (
					"$(inherited)",
					"@executable_path/Frameworks",
					"@loader_path/Frameworks",
				);
				PRODUCT_BUNDLE_IDENTIFIER = "Yoshiki-Fujita.PracticeTests";
				PRODUCT_NAME = "$(TARGET_NAME)";
				SWIFT_VERSION = 5.0;
				TARGETED_DEVICE_FAMILY = "1,2";
				TEST_HOST = "$(BUILT_PRODUCTS_DIR)/Practice.app/Practice";
			};
			name = Release;
		};
		ED2BAE44246C1D7500A49F93 /* Debug */ = {
			isa = XCBuildConfiguration;
			buildSettings = {
				ALWAYS_EMBED_SWIFT_STANDARD_LIBRARIES = YES;
				CODE_SIGN_STYLE = Automatic;
				INFOPLIST_FILE = PracticeUITests/Info.plist;
				LD_RUNPATH_SEARCH_PATHS = (
					"$(inherited)",
					"@executable_path/Frameworks",
					"@loader_path/Frameworks",
				);
				PRODUCT_BUNDLE_IDENTIFIER = "Yoshiki-Fujita.PracticeUITests";
				PRODUCT_NAME = "$(TARGET_NAME)";
				SWIFT_VERSION = 5.0;
				TARGETED_DEVICE_FAMILY = "1,2";
				TEST_TARGET_NAME = Practice;
			};
			name = Debug;
		};
		ED2BAE45246C1D7500A49F93 /* Release */ = {
			isa = XCBuildConfiguration;
			buildSettings = {
				ALWAYS_EMBED_SWIFT_STANDARD_LIBRARIES = YES;
				CODE_SIGN_STYLE = Automatic;
				INFOPLIST_FILE = PracticeUITests/Info.plist;
				LD_RUNPATH_SEARCH_PATHS = (
					"$(inherited)",
					"@executable_path/Frameworks",
					"@loader_path/Frameworks",
				);
				PRODUCT_BUNDLE_IDENTIFIER = "Yoshiki-Fujita.PracticeUITests";
				PRODUCT_NAME = "$(TARGET_NAME)";
				SWIFT_VERSION = 5.0;
				TARGETED_DEVICE_FAMILY = "1,2";
				TEST_TARGET_NAME = Practice;
			};
			name = Release;
		};
/* End XCBuildConfiguration section */

/* Begin XCConfigurationList section */
		ED2BAE0E246C1D7200A49F93 /* Build configuration list for PBXProject "Practice" */ = {
			isa = XCConfigurationList;
			buildConfigurations = (
				ED2BAE3B246C1D7500A49F93 /* Debug */,
				ED2BAE3C246C1D7500A49F93 /* Release */,
			);
			defaultConfigurationIsVisible = 0;
			defaultConfigurationName = Release;
		};
		ED2BAE3D246C1D7500A49F93 /* Build configuration list for PBXNativeTarget "Practice" */ = {
			isa = XCConfigurationList;
			buildConfigurations = (
				ED2BAE3E246C1D7500A49F93 /* Debug */,
				ED2BAE3F246C1D7500A49F93 /* Release */,
			);
			defaultConfigurationIsVisible = 0;
			defaultConfigurationName = Release;
		};
		ED2BAE40246C1D7500A49F93 /* Build configuration list for PBXNativeTarget "PracticeTests" */ = {
			isa = XCConfigurationList;
			buildConfigurations = (
				ED2BAE41246C1D7500A49F93 /* Debug */,
				ED2BAE42246C1D7500A49F93 /* Release */,
			);
			defaultConfigurationIsVisible = 0;
			defaultConfigurationName = Release;
		};
		ED2BAE43246C1D7500A49F93 /* Build configuration list for PBXNativeTarget "PracticeUITests" */ = {
			isa = XCConfigurationList;
			buildConfigurations = (
				ED2BAE44246C1D7500A49F93 /* Debug */,
				ED2BAE45246C1D7500A49F93 /* Release */,
			);
			defaultConfigurationIsVisible = 0;
			defaultConfigurationName = Release;
		};
/* End XCConfigurationList section */
	};
	rootObject = ED2BAE0B246C1D7200A49F93 /* Project object */;
}
